
Microsoft Visual Studio Solution File, Format Version 12.00
# Visual Studio Version 16
VisualStudioVersion = 16.0.30621.155
MinimumVisualStudioVersion = 10.0.40219.1
Project("{FAE04EC0-301F-11D3-BF4B-00C04F79EFBC}") = "Blutbad", "Blutbad\Blutbad.csproj", "{99B11838-7417-443F-B912-FCB325827AFA}"
EndProject
Project("{FAE04EC0-301F-11D3-BF4B-00C04F79EFBC}") = "Engine", "Engine\Engine.csproj", "{7EA81E15-1AB2-49C6-B337-59D7F5052752}"
EndProject
Global
	GlobalSection(SolutionConfigurationPlatforms) = preSolution
		Debug|Any CPU = Debug|Any CPU
		Release|Any CPU = Release|Any CPU
	EndGlobalSection
	GlobalSection(ProjectConfigurationPlatforms) = postSolution
		{99B11838-7417-443F-B912-FCB325827AFA}.Debug|Any CPU.ActiveCfg = Debug|Any CPU
		{99B11838-7417-443F-B912-FCB325827AFA}.Debug|Any CPU.Build.0 = Debug|Any CPU
		{99B11838-7417-443F-B912-FCB325827AFA}.Release|Any CPU.ActiveCfg = Release|Any CPU
		{99B11838-7417-443F-B912-FCB325827AFA}.Release|Any CPU.Build.0 = Release|Any CPU
		{7EA81E15-1AB2-49C6-B337-59D7F5052752}.Debug|Any CPU.ActiveCfg = Debug|Any CPU
		{7EA81E15-1AB2-49C6-B337-59D7F5052752}.Debug|Any CPU.Build.0 = Debug|Any CPU
		{7EA81E15-1AB2-49C6-B337-59D7F5052752}.Release|Any CPU.ActiveCfg = Release|Any CPU
		{7EA81E15-1AB2-49C6-B337-59D7F5052752}.Release|Any CPU.Build.0 = Release|Any CPU
	EndGlobalSection
	GlobalSection(SolutionProperties) = preSolution
		HideSolutionNode = FALSE
	EndGlobalSection
	GlobalSection(ExtensibilityGlobals) = postSolution
		SolutionGuid = {8045BCA9-DD6C-477A-92CF-3260A9694680}
	EndGlobalSection
EndGlobal
